
Microsoft Visual Studio Solution File, Format Version 12.00
# Visual Studio Version 17
VisualStudioVersion = 17.3.32929.385
MinimumVisualStudioVersion = 10.0.40219.1
Project("{9A19103F-16F7-4668-BE54-9A1E7A4F7556}") = "WinFormsAppTrazoRegistrosAdmin", "WinFormsAppFinalMultiple\WinFormsAppTrazoRegistrosAdmin.csproj", "{8B0DDC22-4900-417B-93E8-FCE61E21B347}"
EndProject
Project("{54435603-DBB4-11D2-8724-00A0C9A8B90C}") = "Setup", "Setup\Setup.vdproj", "{5B5C1602-7B11-4F28-AB1E-2DE4F8A7D683}"
EndProject
Project("{9A19103F-16F7-4668-BE54-9A1E7A4F7556}") = "ClassLibraryWebServiceConnect", "ClassLibraryWebServiceConnect\ClassLibraryWebServiceConnect.csproj", "{54FA4121-0759-405F-94BA-D81C02BB6A6A}"
EndProject
Global
	GlobalSection(SolutionConfigurationPlatforms) = preSolution
		Debug|Any CPU = Debug|Any CPU
		Release|Any CPU = Release|Any CPU
	EndGlobalSection
	GlobalSection(ProjectConfigurationPlatforms) = postSolution
		{8B0DDC22-4900-417B-93E8-FCE61E21B347}.Debug|Any CPU.ActiveCfg = Debug|Any CPU
		{8B0DDC22-4900-417B-93E8-FCE61E21B347}.Debug|Any CPU.Build.0 = Debug|Any CPU
		{8B0DDC22-4900-417B-93E8-FCE61E21B347}.Release|Any CPU.ActiveCfg = Release|Any CPU
		{8B0DDC22-4900-417B-93E8-FCE61E21B347}.Release|Any CPU.Build.0 = Release|Any CPU
		{5B5C1602-7B11-4F28-AB1E-2DE4F8A7D683}.Debug|Any CPU.ActiveCfg = Debug
		{5B5C1602-7B11-4F28-AB1E-2DE4F8A7D683}.Release|Any CPU.ActiveCfg = Release
		{54FA4121-0759-405F-94BA-D81C02BB6A6A}.Debug|Any CPU.ActiveCfg = Debug|Any CPU
		{54FA4121-0759-405F-94BA-D81C02BB6A6A}.Debug|Any CPU.Build.0 = Debug|Any CPU
		{54FA4121-0759-405F-94BA-D81C02BB6A6A}.Release|Any CPU.ActiveCfg = Release|Any CPU
		{54FA4121-0759-405F-94BA-D81C02BB6A6A}.Release|Any CPU.Build.0 = Release|Any CPU
	EndGlobalSection
	GlobalSection(SolutionProperties) = preSolution
		HideSolutionNode = FALSE
	EndGlobalSection
	GlobalSection(ExtensibilityGlobals) = postSolution
		SolutionGuid = {F543B3B2-2FE6-461A-BA78-FC3928778DC4}
	EndGlobalSection
EndGlobal
